PODS:
  - PINCache (2.3)
  - PINOperation (1.1.1)
  - Protobuf (3.6.1)
  - SnapSDK (1.1.0):
    - SnapSDK/SCSDKBitmojiKit (= 1.1.0)
    - SnapSDK/SCSDKCreativeKit (= 1.1.0)
    - SnapSDK/SCSDKLoginKit (= 1.1.0)
  - SnapSDK/SCSDKBitmojiKit (1.1.0):
    - PINCache (~> 2.3)
    - PINOperation (~> 1.1)
    - Protobuf (~> 3.5)
  - SnapSDK/SCSDKCreativeKit (1.1.0):
    - Protobuf (~> 3.5)
    - YYImage (~> 1.0.4)
    - YYImage/WebP
  - SnapSDK/SCSDKLoginKit (1.1.0):
    - Protobuf (~> 3.5)
  - YYImage (1.0.4):
    - YYImage/Core (= 1.0.4)
  - YYImage/Core (1.0.4)
  - YYImage/WebP (1.0.4):
    - YYImage/Core

DEPENDENCIES:
  - SnapSDK

SPEC REPOS:
  https://github.com/cocoapods/specs.git:
    - PINCache
    - PINOperation
    - Protobuf
    - SnapSDK
    - YYImage

SPEC CHECKSUMS:
  PINCache: ce36ed282031b92fc7733ffe831f474ff80fddc2
  PINOperation: a6219e6fc9db9c269eb7a7b871ac193bcf400aac
  Protobuf: 1eb9700044745f00181c136ef21b8ff3ad5a0fd5
  SnapSDK: 14c6d401ac864d6ed9bcf41cf57d87f69b9a2aee
  YYImage: 1e1b62a9997399593e4b9c4ecfbbabbf1d3f3b54

PODFILE CHECKSUM: 02b24c0fa7aa395c2fd72a0503e9ddb1e84405c1

COCOAPODS: 1.5.3
